
Microsoft Visual Studio Solution File, Format Version 12.00
# Visual Studio 14
VisualStudioVersion = 14.0.25420.1
MinimumVisualStudioVersion = 10.0.40219.1
Project("{FAE04EC0-301F-11D3-BF4B-00C04F79EFBC}") = "AnonymiesierungsTool", "AnonymiesierungsTool\AnonymiesierungsTool.csproj", "{387DBCB9-A0D9-42DF-A73F-78B1643D6A3C}"
EndProject
Project("{FAE04EC0-301F-11D3-BF4B-00C04F79EFBC}") = "BS14Library", "BS14Library\BS14Library.csproj", "{859D78F1-86EC-40E9-81E5-54FD7975F0A2}"
EndProject
Project("{FAE04EC0-301F-11D3-BF4B-00C04F79EFBC}") = "FragenExtractor_Console", "FragenExtractor\FragenExtractor_Console.csproj", "{C064C47B-0F2E-4E81-8458-F3B26C6B8AE7}"
EndProject
Project("{FAE04EC0-301F-11D3-BF4B-00C04F79EFBC}") = "FragenExtractor_WPF", "FragenExtractor_WPF\FragenExtractor_WPF.csproj", "{CE7F6753-4C81-464F-9AC1-D5378A0F16FF}"
EndProject
Project("{FAE04EC0-301F-11D3-BF4B-00C04F79EFBC}") = "UebungsTool", "UebungsTool\UebungsTool.csproj", "{65B66895-0587-457B-82A4-7E2C80DC031F}"
EndProject
Project("{FAE04EC0-301F-11D3-BF4B-00C04F79EFBC}") = "Unittests", "UnitTestProject1\Unittests.csproj", "{D4460BC9-9BA8-4235-8AE1-5596F5CF4FB3}"
EndProject
Global
	GlobalSection(SolutionConfigurationPlatforms) = preSolution
		Debug|Any CPU = Debug|Any CPU
		Release|Any CPU = Release|Any CPU
	EndGlobalSection
	GlobalSection(ProjectConfigurationPlatforms) = postSolution
		{387DBCB9-A0D9-42DF-A73F-78B1643D6A3C}.Debug|Any CPU.ActiveCfg = Debug|Any CPU
		{387DBCB9-A0D9-42DF-A73F-78B1643D6A3C}.Debug|Any CPU.Build.0 = Debug|Any CPU
		{387DBCB9-A0D9-42DF-A73F-78B1643D6A3C}.Release|Any CPU.ActiveCfg = Release|Any CPU
		{387DBCB9-A0D9-42DF-A73F-78B1643D6A3C}.Release|Any CPU.Build.0 = Release|Any CPU
		{859D78F1-86EC-40E9-81E5-54FD7975F0A2}.Debug|Any CPU.ActiveCfg = Debug|Any CPU
		{859D78F1-86EC-40E9-81E5-54FD7975F0A2}.Debug|Any CPU.Build.0 = Debug|Any CPU
		{859D78F1-86EC-40E9-81E5-54FD7975F0A2}.Release|Any CPU.ActiveCfg = Release|Any CPU
		{859D78F1-86EC-40E9-81E5-54FD7975F0A2}.Release|Any CPU.Build.0 = Release|Any CPU
		{C064C47B-0F2E-4E81-8458-F3B26C6B8AE7}.Debug|Any CPU.ActiveCfg = Debug|Any CPU
		{C064C47B-0F2E-4E81-8458-F3B26C6B8AE7}.Debug|Any CPU.Build.0 = Debug|Any CPU
		{C064C47B-0F2E-4E81-8458-F3B26C6B8AE7}.Release|Any CPU.ActiveCfg = Release|Any CPU
		{C064C47B-0F2E-4E81-8458-F3B26C6B8AE7}.Release|Any CPU.Build.0 = Release|Any CPU
		{CE7F6753-4C81-464F-9AC1-D5378A0F16FF}.Debug|Any CPU.ActiveCfg = Debug|Any CPU
		{CE7F6753-4C81-464F-9AC1-D5378A0F16FF}.Debug|Any CPU.Build.0 = Debug|Any CPU
		{CE7F6753-4C81-464F-9AC1-D5378A0F16FF}.Release|Any CPU.ActiveCfg = Release|Any CPU
		{CE7F6753-4C81-464F-9AC1-D5378A0F16FF}.Release|Any CPU.Build.0 = Release|Any CPU
		{65B66895-0587-457B-82A4-7E2C80DC031F}.Debug|Any CPU.ActiveCfg = Debug|Any CPU
		{65B66895-0587-457B-82A4-7E2C80DC031F}.Debug|Any CPU.Build.0 = Debug|Any CPU
		{65B66895-0587-457B-82A4-7E2C80DC031F}.Release|Any CPU.ActiveCfg = Release|Any CPU
		{65B66895-0587-457B-82A4-7E2C80DC031F}.Release|Any CPU.Build.0 = Release|Any CPU
		{D4460BC9-9BA8-4235-8AE1-5596F5CF4FB3}.Debug|Any CPU.ActiveCfg = Debug|Any CPU
		{D4460BC9-9BA8-4235-8AE1-5596F5CF4FB3}.Debug|Any CPU.Build.0 = Debug|Any CPU
		{D4460BC9-9BA8-4235-8AE1-5596F5CF4FB3}.Release|Any CPU.ActiveCfg = Release|Any CPU
		{D4460BC9-9BA8-4235-8AE1-5596F5CF4FB3}.Release|Any CPU.Build.0 = Release|Any CPU
	EndGlobalSection
	GlobalSection(SolutionProperties) = preSolution
		HideSolutionNode = FALSE
	EndGlobalSection
EndGlobal
